<?xml version="1.0" encoding="utf-8"?>
<Project ToolsVersion="4.0" xmlns="http://schemas.microsoft.com/developer/msbuild/2003">
  <ItemGroup>
    <Filter Include="Source Files">
      <UniqueIdentifier>{4FC737F1-C7A5-4376-A066-2A32D752A2FF}</UniqueIdentifier>
      <Extensions>cpp;c;cc;cxx;c++;cppm;ixx;def;odl;idl;hpj;bat;asm;asmx</Extensions>
    </Filter>
    <Filter Include="Header Files">
      <UniqueIdentifier>{93995380-89BD-4b04-88EB-625FBE52EBFB}</UniqueIdentifier>
      <Extensions>h;hh;hpp;hxx;h++;hm;inl;inc;ipp;xsd</Extensions>
    </Filter>
    <Filter Include="Resource Files">
      <UniqueIdentifier>{67DA6AB6-F800-4c08-8B7A-83BB121AAD01}</UniqueIdentifier>
      <Extensions>rc;ico;cur;bmp;dlg;rc2;rct;bin;rgs;gif;jpg;jpeg;jpe;resx;tiff;tif;png;wav;mfcribbon-ms</Extensions>
    </Filter>
    <Filter Include="Source Files\FrontEnd">
      <UniqueIdentifier>{ef08909b-99fb-46d0-aa83-7560cd693640}</UniqueIdentifier>
    </Filter>
    <Filter Include="Source Files\BackEnd">
      <UniqueIdentifier>{3a3ad661-daf8-48ea-af1d-cc490d4cd3bf}</UniqueIdentifier>
    </Filter>
    <Filter Include="Header Files\BackEnd">
      <UniqueIdentifier>{a2a771bb-1487-4ae3-b8ae-b6b9d1ae85d0}</UniqueIdentifier>
    </Filter>
    <Filter Include="Header Files\FrontEnd">
      <UniqueIdentifier>{dfa1f8d3-04d5-45d3-963a-36011393066c}</UniqueIdentifier>
    </Filter>
    <Filter Include="Source Files\BackEnd\Shaders">
      <UniqueIdentifier>{b9bfb24a-e332-45e6-a34a-68ac96bba758}</UniqueIdentifier>
    </Filter>
  </ItemGroup>
  <ItemGroup>
    <ClCompile Include="Controller.cpp">
      <Filter>Source Files</Filter>
    </ClCompile>
    <ClCompile Include="Project.cpp">
      <Filter>Source Files\BackEnd</Filter>
    </ClCompile>
    <ClCompile Include="MainWindow.cpp">
      <Filter>Source Files\FrontEnd</Filter>
    </ClCompile>
    <ClCompile Include="MainApp.cpp">
      <Filter>Source Files</Filter>
    </ClCompile>
    <ClCompile Include="Shader.cpp">
      <Filter>Source Files\BackEnd</Filter>
    </ClCompile>
    <ClCompile Include="DNDFileManager.cpp">
      <Filter>Source Files\FrontEnd</Filter>
    </ClCompile>
    <ClCompile Include="DNDImgWidget.cpp">
      <Filter>Source Files\FrontEnd</Filter>
    </ClCompile>
    <ClCompile Include="DNDWidget.cpp">
      <Filter>Source Files\FrontEnd</Filter>
    </ClCompile>
    <ClCompile Include="Mosaic.cpp">
      <Filter>Source Files\BackEnd</Filter>
    </ClCompile>
    <ClCompile Include="DNDMosaicWidget.cpp">
      <Filter>Source Files\FrontEnd</Filter>
    </ClCompile>
  </ItemGroup>
  <ItemGroup>
    <ClInclude Include="Shader.h">
      <Filter>Header Files\BackEnd</Filter>
    </ClInclude>
    <ClInclude Include="DNDImgWidget.h">
      <Filter>Header Files\FrontEnd</Filter>
    </ClInclude>
    <ClInclude Include="DNDFileManager.h">
      <Filter>Header Files\FrontEnd</Filter>
    </ClInclude>
    <ClInclude Include="DNDWidget.h">
      <Filter>Header Files\FrontEnd</Filter>
    </ClInclude>
    <ClInclude Include="Mosaic.h">
      <Filter>Header Files\BackEnd</Filter>
    </ClInclude>
    <ClInclude Include="DNDMosaicWidget.h">
      <Filter>Header Files\FrontEnd</Filter>
    </ClInclude>
  </ItemGroup>
  <ItemGroup>
    <None Include="RedVShader.shader">
      <Filter>Source Files\BackEnd\Shaders</Filter>
    </None>
    <None Include="RedFShader.shader">
      <Filter>Source Files\BackEnd\Shaders</Filter>
    </None>
  </ItemGroup>
</Project>