<?xml version="1.0" encoding="utf-8"?>
<Project ToolsVersion="4.0" xmlns="http://schemas.microsoft.com/developer/msbuild/2003">
  <ItemGroup>
    <Filter Include="Source Files">
      <UniqueIdentifier>{4FC737F1-C7A5-4376-A066-2A32D752A2FF}</UniqueIdentifier>
      <Extensions>cpp;c;cc;cxx;c++;cppm;ixx;def;odl;idl;hpj;bat;asm;asmx</Extensions>
    </Filter>
    <Filter Include="Header Files">
      <UniqueIdentifier>{93995380-89BD-4b04-88EB-625FBE52EBFB}</UniqueIdentifier>
      <Extensions>h;hh;hpp;hxx;h++;hm;inl;inc;ipp;xsd</Extensions>
    </Filter>
    <Filter Include="Resource Files">
      <UniqueIdentifier>{67DA6AB6-F800-4c08-8B7A-83BB121AAD01}</UniqueIdentifier>
      <Extensions>rc;ico;cur;bmp;dlg;rc2;rct;bin;rgs;gif;jpg;jpeg;jpe;resx;tiff;tif;png;wav;mfcribbon-ms</Extensions>
    </Filter>
    <Filter Include="Source Files\FrontEnd">
      <UniqueIdentifier>{ef08909b-99fb-46d0-aa83-7560cd693640}</UniqueIdentifier>
    </Filter>
    <Filter Include="Source Files\BackEnd">
      <UniqueIdentifier>{3a3ad661-daf8-48ea-af1d-cc490d4cd3bf}</UniqueIdentifier>
    </Filter>
    <Filter Include="Header Files\BackEnd">
      <UniqueIdentifier>{a2a771bb-1487-4ae3-b8ae-b6b9d1ae85d0}</UniqueIdentifier>
    </Filter>
    <Filter Include="Header Files\FrontEnd">
      <UniqueIdentifier>{dfa1f8d3-04d5-45d3-963a-36011393066c}</UniqueIdentifier>
    </Filter>
    <Filter Include="Source Files\FrontEnd\Shaders">
      <UniqueIdentifier>{b9bfb24a-e332-45e6-a34a-68ac96bba758}</UniqueIdentifier>
    </Filter>
    <Filter Include="Source Files\FrontEnd\UI">
      <UniqueIdentifier>{4e2c0b96-0855-40e6-9e90-2d6c71933da8}</UniqueIdentifier>
    </Filter>
    <Filter Include="Source Files\FrontEnd\UI\DND">
      <UniqueIdentifier>{b352c349-29ff-4499-8a38-b9c2c184e182}</UniqueIdentifier>
    </Filter>
    <Filter Include="Header Files\FrontEnd\UI">
      <UniqueIdentifier>{dce94c54-bff3-4ebc-a763-6d06ee91b86b}</UniqueIdentifier>
    </Filter>
    <Filter Include="Header Files\FrontEnd\UI\DND">
      <UniqueIdentifier>{a59a92dd-a746-4945-acd8-08bfd4d4c76f}</UniqueIdentifier>
    </Filter>
    <Filter Include="Header Files\FrontEnd\UI\Windows">
      <UniqueIdentifier>{a98cdcb3-a1bf-4838-8d69-759b075579d2}</UniqueIdentifier>
    </Filter>
    <Filter Include="Source Files\FrontEnd\UI\Windows">
      <UniqueIdentifier>{237f7739-f420-4eab-83c5-c0ec8dccd187}</UniqueIdentifier>
    </Filter>
    <Filter Include="Header Files\BackEnd\Camera">
      <UniqueIdentifier>{282c9aef-1088-4087-baf7-13c93ae5ab47}</UniqueIdentifier>
    </Filter>
    <Filter Include="Source Files\BackEnd\Camera">
      <UniqueIdentifier>{46dce62a-c55b-43d9-9f55-4213f87e756e}</UniqueIdentifier>
    </Filter>
    <Filter Include="Source Files\FrontEnd\Lights">
      <UniqueIdentifier>{93d1ee5d-5d73-4a66-acbd-4ff708d44c82}</UniqueIdentifier>
    </Filter>
    <Filter Include="Header Files\FrontEnd\Lights">
      <UniqueIdentifier>{c3a52c78-bb3b-4fa5-8104-f926d47c1a13}</UniqueIdentifier>
    </Filter>
    <Filter Include="Header Files\FrontEnd\UI\Widget">
      <UniqueIdentifier>{1cf9c3ff-7b15-45d8-bfd1-bd1c9d0d3806}</UniqueIdentifier>
    </Filter>
    <Filter Include="Header Files\BackEnd\Managers">
      <UniqueIdentifier>{f83bc5f6-9313-43ba-9ee4-a42d54452504}</UniqueIdentifier>
    </Filter>
    <Filter Include="Header Files\BackEnd\Images">
      <UniqueIdentifier>{15e32beb-acc7-4327-b32f-8c2dbd0d7a41}</UniqueIdentifier>
    </Filter>
    <Filter Include="Header Files\BackEnd\3DModel">
      <UniqueIdentifier>{9ada5978-d3cf-4ed9-a0e0-f6d3f36bb1d1}</UniqueIdentifier>
    </Filter>
    <Filter Include="Header Files\BackEnd\Primitives">
      <UniqueIdentifier>{c1615a65-8290-4e43-b38c-7fb708f449db}</UniqueIdentifier>
    </Filter>
    <Filter Include="Header Files\FrontEnd\UI\Primitives">
      <UniqueIdentifier>{df52a9e1-5a50-4294-8848-3d04b39712cc}</UniqueIdentifier>
    </Filter>
    <Filter Include="Source Files\FrontEnd\UI\Primitives">
      <UniqueIdentifier>{d683cb4b-dec1-4b03-ae59-d4c3f5a50105}</UniqueIdentifier>
    </Filter>
  </ItemGroup>
  <ItemGroup>
    <ClCompile Include="Controller.cpp">
      <Filter>Source Files</Filter>
    </ClCompile>
    <ClCompile Include="Project.cpp">
      <Filter>Source Files\BackEnd</Filter>
    </ClCompile>
    <ClCompile Include="MainWindow.cpp">
      <Filter>Source Files\FrontEnd</Filter>
    </ClCompile>
    <ClCompile Include="MainApp.cpp">
      <Filter>Source Files</Filter>
    </ClCompile>
    <ClCompile Include="Mosaic.cpp">
      <Filter>Source Files\BackEnd</Filter>
    </ClCompile>
    <ClCompile Include="Shader.cpp">
      <Filter>Source Files\FrontEnd</Filter>
    </ClCompile>
    <ClCompile Include="Image.cpp">
      <Filter>Source Files\BackEnd</Filter>
    </ClCompile>
    <ClCompile Include="DNDFileManager.cpp">
      <Filter>Source Files\FrontEnd\UI\DND</Filter>
    </ClCompile>
    <ClCompile Include="DNDMosaicWidget.cpp">
      <Filter>Source Files\FrontEnd\UI\DND</Filter>
    </ClCompile>
    <ClCompile Include="DNDImgWidget.cpp">
      <Filter>Source Files\FrontEnd\UI\DND</Filter>
    </ClCompile>
    <ClCompile Include="DNDWidget.cpp">
      <Filter>Source Files\FrontEnd\UI\DND</Filter>
    </ClCompile>
    <ClCompile Include="Renderer.cpp">
      <Filter>Source Files\FrontEnd</Filter>
    </ClCompile>
    <ClCompile Include="Mesh.cpp">
      <Filter>Source Files\BackEnd</Filter>
    </ClCompile>
    <ClCompile Include="RObject.cpp">
      <Filter>Source Files\FrontEnd</Filter>
    </ClCompile>
    <ClCompile Include="WConsole.cpp">
      <Filter>Source Files\FrontEnd\UI\Windows</Filter>
    </ClCompile>
    <ClCompile Include="Texture.cpp">
      <Filter>Source Files\BackEnd</Filter>
    </ClCompile>
    <ClCompile Include="Camera.cpp">
      <Filter>Source Files\BackEnd\Camera</Filter>
    </ClCompile>
    <ClCompile Include="OrthographicCamera.cpp">
      <Filter>Source Files\BackEnd\Camera</Filter>
    </ClCompile>
    <ClCompile Include="PerspectiveCamera.cpp">
      <Filter>Source Files\BackEnd\Camera</Filter>
    </ClCompile>
    <ClCompile Include="ShaderManager.cpp">
      <Filter>Source Files\FrontEnd</Filter>
    </ClCompile>
    <ClCompile Include="RObjectManager.cpp">
      <Filter>Source Files\FrontEnd</Filter>
    </ClCompile>
    <ClCompile Include="MainWConsole.cpp">
      <Filter>Source Files\FrontEnd\UI\Windows</Filter>
    </ClCompile>
    <ClCompile Include="WSceneObject.cpp">
      <Filter>Source Files\FrontEnd\UI\Windows</Filter>
    </ClCompile>
    <ClCompile Include="Material.cpp">
      <Filter>Source Files\BackEnd</Filter>
    </ClCompile>
    <ClCompile Include="Node.cpp">
      <Filter>Source Files\FrontEnd</Filter>
    </ClCompile>
    <ClCompile Include="WProperties.cpp">
      <Filter>Source Files\FrontEnd\UI\Windows</Filter>
    </ClCompile>
    <ClCompile Include="WCamera.cpp">
      <Filter>Source Files\FrontEnd\UI\Windows</Filter>
    </ClCompile>
    <ClCompile Include="Cube.cpp">
      <Filter>Source Files\FrontEnd\UI\Primitives</Filter>
    </ClCompile>
    <ClCompile Include="Fleche.cpp">
      <Filter>Source Files\FrontEnd\UI\Primitives</Filter>
    </ClCompile>
    <ClCompile Include="Pyramide.cpp">
      <Filter>Source Files\FrontEnd\UI\Primitives</Filter>
    </ClCompile>
    <ClCompile Include="PlusSign.cpp">
      <Filter>Source Files\FrontEnd\UI\Primitives</Filter>
    </ClCompile>
    <ClCompile Include="WCameraProperties.cpp">
      <Filter>Source Files\FrontEnd\UI\Windows</Filter>
    </ClCompile>
    <ClCompile Include="WRaytracing.cpp">
      <Filter>Source Files\FrontEnd\UI\Windows</Filter>
    </ClCompile>
    <ClCompile Include="PointLight.cpp">
      <Filter>Source Files</Filter>
    </ClCompile>
    <ClCompile Include="Light.cpp">
      <Filter>Source Files</Filter>
    </ClCompile>
  </ItemGroup>
  <ItemGroup>
    <ClInclude Include="DNDFileManager.h">
      <Filter>Header Files\FrontEnd\UI\DND</Filter>
    </ClInclude>
    <ClInclude Include="DNDImgWidget.h">
      <Filter>Header Files\FrontEnd\UI\DND</Filter>
    </ClInclude>
    <ClInclude Include="DNDMosaicWidget.h">
      <Filter>Header Files\FrontEnd\UI\DND</Filter>
    </ClInclude>
    <ClInclude Include="DNDWidget.h">
      <Filter>Header Files\FrontEnd\UI\DND</Filter>
    </ClInclude>
    <ClInclude Include="WConsole.h">
      <Filter>Header Files\FrontEnd\UI\Windows</Filter>
    </ClInclude>
    <ClInclude Include="Camera.h">
      <Filter>Header Files\BackEnd\Camera</Filter>
    </ClInclude>
    <ClInclude Include="PerspectiveCamera.h">
      <Filter>Header Files\BackEnd\Camera</Filter>
    </ClInclude>
    <ClInclude Include="OrthographicCamera.h">
      <Filter>Header Files\BackEnd\Camera</Filter>
    </ClInclude>
    <ClInclude Include="MainWConsole.h">
      <Filter>Header Files\FrontEnd\UI\Windows</Filter>
    </ClInclude>
    <ClInclude Include="WSceneObject.h">
      <Filter>Header Files\FrontEnd\UI\Windows</Filter>
    </ClInclude>
    <ClInclude Include="Window.h">
      <Filter>Header Files\FrontEnd\UI\Windows</Filter>
    </ClInclude>
    <ClInclude Include="DirectionalLight.h">
      <Filter>Header Files\FrontEnd\Lights</Filter>
    </ClInclude>
    <ClInclude Include="PointLight.h">
      <Filter>Header Files\FrontEnd\Lights</Filter>
    </ClInclude>
    <ClInclude Include="SpotLight.h">
      <Filter>Header Files\FrontEnd\Lights</Filter>
    </ClInclude>
    <ClInclude Include="Light.h">
      <Filter>Header Files\FrontEnd\Lights</Filter>
    </ClInclude>
    <ClInclude Include="RObjectManager.h">
      <Filter>Header Files\BackEnd\Managers</Filter>
    </ClInclude>
    <ClInclude Include="ShaderManager.h">
      <Filter>Header Files\BackEnd\Managers</Filter>
    </ClInclude>
    <ClInclude Include="Image.h">
      <Filter>Header Files\BackEnd\Images</Filter>
    </ClInclude>
    <ClInclude Include="Mosaic.h">
      <Filter>Header Files\BackEnd\Images</Filter>
    </ClInclude>
    <ClInclude Include="Texture.h">
      <Filter>Header Files\BackEnd\Images</Filter>
    </ClInclude>
    <ClInclude Include="Material.h">
      <Filter>Header Files\BackEnd\3DModel</Filter>
    </ClInclude>
    <ClInclude Include="Mesh.h">
      <Filter>Header Files\BackEnd\3DModel</Filter>
    </ClInclude>
    <ClInclude Include="Node.h">
      <Filter>Header Files\BackEnd\3DModel</Filter>
    </ClInclude>
    <ClInclude Include="Renderer.h">
      <Filter>Header Files\BackEnd\3DModel</Filter>
    </ClInclude>
    <ClInclude Include="RObject.h">
      <Filter>Header Files\BackEnd\3DModel</Filter>
    </ClInclude>
    <ClInclude Include="Shader.h">
      <Filter>Header Files\BackEnd</Filter>
    </ClInclude>
    <ClInclude Include="ImagePlane.h">
      <Filter>Header Files\BackEnd\Primitives</Filter>
    </ClInclude>
    <ClInclude Include="WProperties.h">
      <Filter>Header Files\FrontEnd\UI\Windows</Filter>
    </ClInclude>
    <ClInclude Include="WCamera.h">
      <Filter>Header Files\FrontEnd\UI\Windows</Filter>
    </ClInclude>
    <ClInclude Include="Cube.h">
      <Filter>Header Files\FrontEnd\UI\Primitives</Filter>
    </ClInclude>
    <ClInclude Include="Pyramide.h">
      <Filter>Header Files\FrontEnd\UI\Primitives</Filter>
    </ClInclude>
    <ClInclude Include="Fleche.h">
      <Filter>Header Files\FrontEnd\UI\Primitives</Filter>
    </ClInclude>
    <ClInclude Include="PlusSign.h">
      <Filter>Header Files\FrontEnd\UI\Primitives</Filter>
    </ClInclude>
    <ClInclude Include="WCameraProperties.h">
      <Filter>Header Files\FrontEnd\UI\Windows</Filter>
    </ClInclude>
    <ClInclude Include="WRaytracing.h">
      <Filter>Header Files\FrontEnd\UI\Windows</Filter>
    </ClInclude>
  </ItemGroup>
  <ItemGroup>
    <None Include="GreyFShader.shader">
      <Filter>Source Files\FrontEnd\Shaders</Filter>
    </None>
    <None Include="WhiteFShader.shader">
      <Filter>Source Files\FrontEnd\Shaders</Filter>
    </None>
    <None Include="Phong.shader">
      <Filter>Source Files\FrontEnd\Shaders</Filter>
    </None>
    <None Include="Geometry.shader">
      <Filter>Source Files\FrontEnd\Shaders</Filter>
    </None>
    <None Include="SkyboxVS.shader">
      <Filter>Source Files\FrontEnd\Shaders</Filter>
    </None>
    <None Include="SkyboxFS.shader">
      <Filter>Source Files\FrontEnd\Shaders</Filter>
    </None>
    <None Include="TriangleIntersect.shader">
      <Filter>Source Files\FrontEnd\Shaders</Filter>
    </None>
    <None Include="PBS.shader">
      <Filter>Source Files\FrontEnd\Shaders</Filter>
    </None>
  </ItemGroup>
</Project>